
Microsoft Visual Studio Solution File, Format Version 12.00
# Visual Studio Version 17
VisualStudioVersion = 17.11.35208.52
MinimumVisualStudioVersion = 10.0.40219.1
Project("{FAE04EC0-301F-11D3-BF4B-00C04F79EFBC}") = "Lab1", "Lab1.csproj", "{DCD179CA-F289-4E88-A3BB-A51DCB87BF3A}"
EndProject
Global
	GlobalSection(SolutionConfigurationPlatforms) = preSolution
		Debug|Any CPU = Debug|Any CPU
		Release|Any CPU = Release|Any CPU
	EndGlobalSection
	GlobalSection(ProjectConfigurationPlatforms) = postSolution
		{DCD179CA-F289-4E88-A3BB-A51DCB87BF3A}.Debug|Any CPU.ActiveCfg = Debug|Any CPU
		{DCD179CA-F289-4E88-A3BB-A51DCB87BF3A}.Debug|Any CPU.Build.0 = Debug|Any CPU
		{DCD179CA-F289-4E88-A3BB-A51DCB87BF3A}.Release|Any CPU.ActiveCfg = Release|Any CPU
		{DCD179CA-F289-4E88-A3BB-A51DCB87BF3A}.Release|Any CPU.Build.0 = Release|Any CPU
	EndGlobalSection
	GlobalSection(SolutionProperties) = preSolution
		HideSolutionNode = FALSE
	EndGlobalSection
	GlobalSection(ExtensibilityGlobals) = postSolution
		SolutionGuid = {0FA3DE0F-04AF-4638-AB3E-67F71860D86D}
	EndGlobalSection
EndGlobal
